
Microsoft Visual Studio Solution File, Format Version 12.00
# Visual Studio Version 16
VisualStudioVersion = 16.0.31205.134
MinimumVisualStudioVersion = 10.0.40219.1
Project("{FAE04EC0-301F-11D3-BF4B-00C04F79EFBC}") = "asp-net", "asp-net\asp-net.csproj", "{783DB1E0-CD60-400B-9555-73DB004CD993}"
EndProject
Global
	GlobalSection(SolutionConfigurationPlatforms) = preSolution
		Debug|Any CPU = Debug|Any CPU
		Release|Any CPU = Release|Any CPU
	EndGlobalSection
	GlobalSection(ProjectConfigurationPlatforms) = postSolution
		{783DB1E0-CD60-400B-9555-73DB004CD993}.Debug|Any CPU.ActiveCfg = Debug|Any CPU
		{783DB1E0-CD60-400B-9555-73DB004CD993}.Debug|Any CPU.Build.0 = Debug|Any CPU
		{783DB1E0-CD60-400B-9555-73DB004CD993}.Release|Any CPU.ActiveCfg = Release|Any CPU
		{783DB1E0-CD60-400B-9555-73DB004CD993}.Release|Any CPU.Build.0 = Release|Any CPU
	EndGlobalSection
	GlobalSection(SolutionProperties) = preSolution
		HideSolutionNode = FALSE
	EndGlobalSection
	GlobalSection(ExtensibilityGlobals) = postSolution
		SolutionGuid = {4CFE8BB7-32C3-4601-9EFA-47E3B72F2FA4}
	EndGlobalSection
EndGlobal
